<?xml version="1.0" encoding="utf-8"?>
<Project ToolsVersion="4.0" xmlns="http://schemas.microsoft.com/developer/msbuild/2003">
  <ItemGroup>
    <Filter Include="bullet">
      <UniqueIdentifier>{644c1283-1cd9-4ff8-a025-efc571f5b66f}</UniqueIdentifier>
    </Filter>
    <Filter Include=".git">
      <UniqueIdentifier>{de3baa20-a3cd-4e32-a47f-affc426f9ac8}</UniqueIdentifier>
    </Filter>
    <Filter Include=".common">
      <UniqueIdentifier>{ead2a1e5-b5f4-43e9-a446-a1ea3c1f41fa}</UniqueIdentifier>
    </Filter>
  </ItemGroup>
  <ItemGroup>
    <None Include="..\bullet\config.bat">
      <Filter>bullet</Filter>
    </None>
    <None Include="..\bullet\build.bat">
      <Filter>bullet</Filter>
    </None>
    <None Include="..\bullet\install.bat">
      <Filter>bullet</Filter>
    </None>
    <None Include="..\bullet\package.bat">
      <Filter>bullet</Filter>
    </None>
    <None Include="..\.gitattributes">
      <Filter>.git</Filter>
    </None>
    <None Include="..\.gitignore">
      <Filter>.git</Filter>
    </None>
    <None Include="..\.gitmodules">
      <Filter>.git</Filter>
    </None>
  </ItemGroup>
</Project>