<?xml version="1.0" encoding="utf-8"?>
<Project ToolsVersion="4.0" xmlns="http://schemas.microsoft.com/developer/msbuild/2003">
  <ItemGroup>
    <Filter Include=".git">
      <UniqueIdentifier>{de3baa20-a3cd-4e32-a47f-affc426f9ac8}</UniqueIdentifier>
    </Filter>
    <Filter Include=".common">
      <UniqueIdentifier>{ead2a1e5-b5f4-43e9-a446-a1ea3c1f41fa}</UniqueIdentifier>
    </Filter>
    <Filter Include="bullet3">
      <UniqueIdentifier>{7a15ea02-bd43-4234-ad53-76abb84ea334}</UniqueIdentifier>
    </Filter>
    <Filter Include="mstest_utils">
      <UniqueIdentifier>{83bd027c-85d8-4408-9112-04463d835657}</UniqueIdentifier>
    </Filter>
    <Filter Include="mstest_utils\mstest-utils-0.1-src">
      <UniqueIdentifier>{51458a82-43b4-4f24-8e14-1ab84eb04320}</UniqueIdentifier>
    </Filter>
    <Filter Include="botan">
      <UniqueIdentifier>{187ec8eb-c735-4f52-b9cb-635efaf9aba5}</UniqueIdentifier>
    </Filter>
  </ItemGroup>
  <ItemGroup>
    <None Include="..\.gitattributes">
      <Filter>.git</Filter>
    </None>
    <None Include="..\.gitignore">
      <Filter>.git</Filter>
    </None>
    <None Include="..\.gitmodules">
      <Filter>.git</Filter>
    </None>
    <None Include="..\common\config.bat">
      <Filter>.common</Filter>
    </None>
    <None Include="..\common\cmake_generator.bat">
      <Filter>.common</Filter>
    </None>
    <None Include="..\bullet3\build.bat">
      <Filter>bullet3</Filter>
    </None>
    <None Include="..\bullet3\config.bat">
      <Filter>bullet3</Filter>
    </None>
    <None Include="..\bullet3\install.bat">
      <Filter>bullet3</Filter>
    </None>
    <None Include="..\bullet3\package.bat">
      <Filter>bullet3</Filter>
    </None>
    <None Include="..\bullet3\deploy.bat">
      <Filter>bullet3</Filter>
    </None>
    <None Include="..\mstest_utils\build.bat">
      <Filter>mstest_utils</Filter>
    </None>
    <None Include="..\mstest_utils\deploy.bat">
      <Filter>mstest_utils</Filter>
    </None>
    <None Include="..\mstest_utils\install.bat">
      <Filter>mstest_utils</Filter>
    </None>
    <None Include="..\mstest_utils\package.bat">
      <Filter>mstest_utils</Filter>
    </None>
    <None Include="..\botan\build.bat">
      <Filter>botan</Filter>
    </None>
    <None Include="..\botan\config.bat">
      <Filter>botan</Filter>
    </None>
    <None Include="..\botan\deploy.bat">
      <Filter>botan</Filter>
    </None>
    <None Include="..\botan\install.bat">
      <Filter>botan</Filter>
    </None>
    <None Include="..\botan\package.bat">
      <Filter>botan</Filter>
    </None>
  </ItemGroup>
  <ItemGroup>
    <Text Include="..\bullet3\Readme.txt">
      <Filter>bullet3</Filter>
    </Text>
    <Text Include="..\mstest_utils\config.bat">
      <Filter>mstest_utils</Filter>
    </Text>
    <Text Include="..\botan\Readme.txt">
      <Filter>botan</Filter>
    </Text>
    <Text Include="..\botan\configure-options.txt">
      <Filter>botan</Filter>
    </Text>
  </ItemGroup>
  <ItemGroup>
    <ClInclude Include="..\mstest_utils\mstest_utils-0.1-src\mstest_utils\crt_mem_check.h">
      <Filter>mstest_utils\mstest-utils-0.1-src</Filter>
    </ClInclude>
    <ClInclude Include="..\mstest_utils\mstest_utils-0.1-src\mstest_utils\log_message.h">
      <Filter>mstest_utils\mstest-utils-0.1-src</Filter>
    </ClInclude>
  </ItemGroup>
</Project>